<?xml version="1.0" encoding="utf-8"?>
<Project ToolsVersion="4.0" xmlns="http://schemas.microsoft.com/developer/msbuild/2003">
  <ItemGroup>
    <Filter Include="Source Files">
      <UniqueIdentifier>{aa9cb095-d93e-4eaf-b65d-479469d6edef}</UniqueIdentifier>
      <Extensions>cpp;c;cxx;def;odl;idl;hpj;bat;asm</Extensions>
    </Filter>
    <Filter Include="Header Files">
      <UniqueIdentifier>{3a81f3c5-7917-4219-a761-588bc9e58306}</UniqueIdentifier>
      <Extensions>h;hpp;hxx;hm;inl;inc</Extensions>
    </Filter>
    <Filter Include="Resource Files">
      <UniqueIdentifier>{0b1cfafb-b637-45c9-b6af-21f4cf684fa4}</UniqueIdentifier>
      <Extensions>rc;ico;cur;bmp;dlg;rc2;rct;bin;rgs;jpg;jpeg;jpe;manifest</Extensions>
    </Filter>
    <Filter Include="wxFormBuilder Files">
      <UniqueIdentifier>{836703a9-24f2-4440-a501-34c2220f9965}</UniqueIdentifier>
      <Extensions>fbp</Extensions>
    </Filter>
  </ItemGroup>
  <ItemGroup>
    <ClCompile Include="AddTxtToPicture.cpp">
      <Filter>Source Files</Filter>
    </ClCompile>
    <ClCompile Include="AddTxtToPictureFrame.cpp">
      <Filter>Source Files</Filter>
    </ClCompile>
    <ClCompile Include="AddTxtToPicture_GUI.cpp">
      <Filter>wxFormBuilder Files</Filter>
    </ClCompile>
    <ClCompile Include="AddTxtToPicturePanel.cpp">
      <Filter>Source Files</Filter>
    </ClCompile>
    <ClCompile Include="AddTxtToPictureAbout.cpp">
      <Filter>Source Files</Filter>
    </ClCompile>
    <ClCompile Include="fileversion.cpp">
      <Filter>Source Files</Filter>
    </ClCompile>
    <ClCompile Include="MyThread.cpp">
      <Filter>Source Files</Filter>
    </ClCompile>
    <ClCompile Include="RingBuffer.cpp">
      <Filter>Source Files</Filter>
    </ClCompile>
    <ClCompile Include="MyMain.cpp">
      <Filter>Source Files</Filter>
    </ClCompile>
  </ItemGroup>
  <ItemGroup>
    <ClInclude Include="AddTxtToPicture.h">
      <Filter>Header Files</Filter>
    </ClInclude>
    <ClInclude Include="AddTxtToPictureFrame.h">
      <Filter>Header Files</Filter>
    </ClInclude>
    <ClInclude Include="AddTxtToPicture_GUI.h">
      <Filter>wxFormBuilder Files</Filter>
    </ClInclude>
    <ClInclude Include="AddTxtToPicturePanel.h">
      <Filter>Header Files</Filter>
    </ClInclude>
    <ClInclude Include="AddTxtToPictureAbout.h">
      <Filter>Header Files</Filter>
    </ClInclude>
    <ClInclude Include="fileversion.h">
      <Filter>Header Files</Filter>
    </ClInclude>
    <ClInclude Include="MyThread.h">
      <Filter>Header Files</Filter>
    </ClInclude>
    <ClInclude Include="RingBuffer.h">
      <Filter>Header Files</Filter>
    </ClInclude>
  </ItemGroup>
  <ItemGroup>
    <ResourceCompile Include="AddTxtToPicture.rc">
      <Filter>Resource Files</Filter>
    </ResourceCompile>
  </ItemGroup>
  <ItemGroup>
    <None Include="AddTxtToPicture.fbp">
      <Filter>wxFormBuilder Files</Filter>
    </None>
  </ItemGroup>
  <ItemGroup>
    <Manifest Include="AddTxtToPicture.exe.manifest">
      <Filter>Resource Files</Filter>
    </Manifest>
  </ItemGroup>
</Project>